
Microsoft Visual Studio Solution File, Format Version 12.00
# Visual Studio Version 17
VisualStudioVersion = 17.14.36518.9 d17.14
MinimumVisualStudioVersion = 10.0.40219.1
Project("{FAE04EC0-301F-11D3-BF4B-00C04F79EFBC}") = "MauiAppHotel", "MauiAppHotel\MauiAppHotel.csproj", "{9D73937B-B37E-4901-972E-6D23892526CA}"
EndProject
Global
	GlobalSection(SolutionConfigurationPlatforms) = preSolution
		Debug|Any CPU = Debug|Any CPU
		Release|Any CPU = Release|Any CPU
	EndGlobalSection
	GlobalSection(ProjectConfigurationPlatforms) = postSolution
		{9D73937B-B37E-4901-972E-6D23892526CA}.Debug|Any CPU.ActiveCfg = Debug|Any CPU
		{9D73937B-B37E-4901-972E-6D23892526CA}.Debug|Any CPU.Build.0 = Debug|Any CPU
		{9D73937B-B37E-4901-972E-6D23892526CA}.Debug|Any CPU.Deploy.0 = Debug|Any CPU
		{9D73937B-B37E-4901-972E-6D23892526CA}.Release|Any CPU.ActiveCfg = Release|Any CPU
		{9D73937B-B37E-4901-972E-6D23892526CA}.Release|Any CPU.Build.0 = Release|Any CPU
		{9D73937B-B37E-4901-972E-6D23892526CA}.Release|Any CPU.Deploy.0 = Release|Any CPU
	EndGlobalSection
	GlobalSection(SolutionProperties) = preSolution
		HideSolutionNode = FALSE
	EndGlobalSection
	GlobalSection(ExtensibilityGlobals) = postSolution
		SolutionGuid = {0F420670-7E12-438D-84E0-5403BCF43F55}
	EndGlobalSection
EndGlobal
